{
  "name": "My_Portfolio",
  "lockfileVersion": 2,
  "requires": true,
  "packages": {
    "": {
      "dependencies": {
        "@sanity/image-url": "^1.0.1",
        "@tippyjs/react": "^4.2.6",
        "react-tooltip": "^5.8.3"
      }
    },
    "node_modules/@floating-ui/core": {
      "version": "1.1.0",
      "resolved": "https://registry.npmjs.org/@floating-ui/core/-/core-1.1.0.tgz",
      "integrity": "sha512-zbsLwtnHo84w1Kc8rScAo5GMk1GdecSlrflIbfnEBJwvTSj1SL6kkOYV+nHraMCPEy+RNZZUaZyL8JosDGCtGQ=="
    },
    "node_modules/@floating-ui/dom": {
      "version": "1.1.1",
      "resolved": "https://registry.npmjs.org/@floating-ui/dom/-/dom-1.1.1.tgz",
      "integrity": "sha512-TpIO93+DIujg3g7SykEAGZMDtbJRrmnYRCNYSjJlvIbGhBjRSNTLVbNeDQBrzy9qDgUbiWdc7KA0uZHZ2tJmiw==",
      "dependencies": {
        "@floating-ui/core": "^1.1.0"
      }
    },
    "node_modules/@popperjs/core": {
      "version": "2.11.6",
      "resolved": "https://registry.npmjs.org/@popperjs/core/-/core-2.11.6.tgz",
      "integrity": "sha512-50/17A98tWUfQ176raKiOGXuYpLyyVMkxxG6oylzL3BPOlA6ADGdK7EYunSa4I064xerltq9TGXs8HmOk5E+vw==",
      "funding": {
        "type": "opencollective",
        "url": "https://opencollective.com/popperjs"
      }
    },
    "node_modules/@sanity/image-url": {
      "version": "1.0.1",
      "resolved": "https://registry.npmjs.org/@sanity/image-url/-/image-url-1.0.1.tgz",
      "integrity": "sha512-AdKQ3zMk7WdoNwoJPrAvQhW+kUtBldBX0nHtnGy+rwmgsCQ0rAXasrgH43Fhmsp/yB6piiq+F2d5qEuBFsdQVg==",
      "engines": {
        "node": ">=10.0.0"
      }
    },
    "node_modules/@tippyjs/react": {
      "version": "4.2.6",
      "resolved": "https://registry.npmjs.org/@tippyjs/react/-/react-4.2.6.tgz",
      "integrity": "sha512-91RicDR+H7oDSyPycI13q3b7o4O60wa2oRbjlz2fyRLmHImc4vyDwuUP8NtZaN0VARJY5hybvDYrFzhY9+Lbyw==",
      "dependencies": {
        "tippy.js": "^6.3.1"
      },
      "peerDependencies": {
        "react": ">=16.8",
        "react-dom": ">=16.8"
      }
    },
    "node_modules/classnames": {
      "version": "2.3.2",
      "resolved": "https://registry.npmjs.org/classnames/-/classnames-2.3.2.tgz",
      "integrity": "sha512-CSbhY4cFEJRe6/GQzIk5qXZ4Jeg5pcsP7b5peFSDpffpe1cqjASH/n9UTjBwOp6XpMSTwQ8Za2K5V02ueA7Tmw=="
    },
    "node_modules/js-tokens": {
      "version": "4.0.0",
      "resolved": "https://registry.npmjs.org/js-tokens/-/js-tokens-4.0.0.tgz",
      "integrity": "sha512-RdJUflcE3cUzKiMqQgsCu06FPu9UdIJO0beYbPhHN4k6apgJtifcoCtT9bcxOpYBtpD2kCM6Sbzg4CausW/PKQ==",
      "peer": true
    },
    "node_modules/loose-envify": {
      "version": "1.4.0",
      "resolved": "https://registry.npmjs.org/loose-envify/-/loose-envify-1.4.0.tgz",
      "integrity": "sha512-lyuxPGr/Wfhrlem2CL/UcnUc1zcqKAImBDzukY7Y5F/yQiNdko6+fRLevlw1HgMySw7f611UIY408EtxRSoK3Q==",
      "peer": true,
      "dependencies": {
        "js-tokens": "^3.0.0 || ^4.0.0"
      },
      "bin": {
        "loose-envify": "cli.js"
      }
    },
    "node_modules/react": {
      "version": "18.2.0",
      "resolved": "https://registry.npmjs.org/react/-/react-18.2.0.tgz",
      "integrity": "sha512-/3IjMdb2L9QbBdWiW5e3P2/npwMBaU9mHCSCUzNln0ZCYbcfTsGbTJrU/kGemdH2IWmB2ioZ+zkxtmq6g09fGQ==",
      "peer": true,
      "dependencies": {
        "loose-envify": "^1.1.0"
      },
      "engines": {
        "node": ">=0.10.0"
      }
    },
    "node_modules/react-dom": {
      "version": "18.2.0",
      "resolved": "https://registry.npmjs.org/react-dom/-/react-dom-18.2.0.tgz",
      "integrity": "sha512-6IMTriUmvsjHUjNtEDudZfuDQUoWXVxKHhlEGSk81n4YFS+r/Kl99wXiwlVXtPBtJenozv2P+hxDsw9eA7Xo6g==",
      "peer": true,
      "dependencies": {
        "loose-envify": "^1.1.0",
        "scheduler": "^0.23.0"
      },
      "peerDependencies": {
        "react": "^18.2.0"
      }
    },
    "node_modules/react-tooltip": {
      "version": "5.8.3",
      "resolved": "https://registry.npmjs.org/react-tooltip/-/react-tooltip-5.8.3.tgz",
      "integrity": "sha512-h7maAlm2Xeymc14gWKhhrzsENeB83N65EzZ+AcQIGrOpNE0yefVRJIHhNcWHEJ0FEtf7VZXxtsj5glVXKxEtvA==",
      "dependencies": {
        "@floating-ui/dom": "1.1.1",
        "classnames": "^2.3.2"
      },
      "peerDependencies": {
        "react": ">=16.14.0",
        "react-dom": ">=16.14.0"
      }
    },
    "node_modules/scheduler": {
      "version": "0.23.0",
      "resolved": "https://registry.npmjs.org/scheduler/-/scheduler-0.23.0.tgz",
      "integrity": "sha512-CtuThmgHNg7zIZWAXi3AsyIzA3n4xx7aNyjwC2VJldO2LMVDhFK+63xGqq6CsJH4rTAt6/M+N4GhZiDYPx9eUw==",
      "peer": true,
      "dependencies": {
        "loose-envify": "^1.1.0"
      }
    },
    "node_modules/tippy.js": {
      "version": "6.3.7",
      "resolved": "https://registry.npmjs.org/tippy.js/-/tippy.js-6.3.7.tgz",
      "integrity": "sha512-E1d3oP2emgJ9dRQZdf3Kkn0qJgI6ZLpyS5z6ZkY1DF3kaQaBsGZsndEpHwx+eC+tYM41HaSNvNtLx8tU57FzTQ==",
      "dependencies": {
        "@popperjs/core": "^2.9.0"
      }
    }
  },
  "dependencies": {
    "@floating-ui/core": {
      "version": "1.1.0",
      "resolved": "https://registry.npmjs.org/@floating-ui/core/-/core-1.1.0.tgz",
      "integrity": "sha512-zbsLwtnHo84w1Kc8rScAo5GMk1GdecSlrflIbfnEBJwvTSj1SL6kkOYV+nHraMCPEy+RNZZUaZyL8JosDGCtGQ=="
    },
    "@floating-ui/dom": {
      "version": "1.1.1",
      "resolved": "https://registry.npmjs.org/@floating-ui/dom/-/dom-1.1.1.tgz",
      "integrity": "sha512-TpIO93+DIujg3g7SykEAGZMDtbJRrmnYRCNYSjJlvIbGhBjRSNTLVbNeDQBrzy9qDgUbiWdc7KA0uZHZ2tJmiw==",
      "requires": {
        "@floating-ui/core": "^1.1.0"
      }
    },
    "@popperjs/core": {
      "version": "2.11.6",
      "resolved": "https://registry.npmjs.org/@popperjs/core/-/core-2.11.6.tgz",
      "integrity": "sha512-50/17A98tWUfQ176raKiOGXuYpLyyVMkxxG6oylzL3BPOlA6ADGdK7EYunSa4I064xerltq9TGXs8HmOk5E+vw=="
    },
    "@sanity/image-url": {
      "version": "1.0.1",
      "resolved": "https://registry.npmjs.org/@sanity/image-url/-/image-url-1.0.1.tgz",
      "integrity": "sha512-AdKQ3zMk7WdoNwoJPrAvQhW+kUtBldBX0nHtnGy+rwmgsCQ0rAXasrgH43Fhmsp/yB6piiq+F2d5qEuBFsdQVg=="
    },
    "@tippyjs/react": {
      "version": "4.2.6",
      "resolved": "https://registry.npmjs.org/@tippyjs/react/-/react-4.2.6.tgz",
      "integrity": "sha512-91RicDR+H7oDSyPycI13q3b7o4O60wa2oRbjlz2fyRLmHImc4vyDwuUP8NtZaN0VARJY5hybvDYrFzhY9+Lbyw==",
      "requires": {
        "tippy.js": "^6.3.1"
      }
    },
    "classnames": {
      "version": "2.3.2",
      "resolved": "https://registry.npmjs.org/classnames/-/classnames-2.3.2.tgz",
      "integrity": "sha512-CSbhY4cFEJRe6/GQzIk5qXZ4Jeg5pcsP7b5peFSDpffpe1cqjASH/n9UTjBwOp6XpMSTwQ8Za2K5V02ueA7Tmw=="
    },
    "js-tokens": {
      "version": "4.0.0",
      "resolved": "https://registry.npmjs.org/js-tokens/-/js-tokens-4.0.0.tgz",
      "integrity": "sha512-RdJUflcE3cUzKiMqQgsCu06FPu9UdIJO0beYbPhHN4k6apgJtifcoCtT9bcxOpYBtpD2kCM6Sbzg4CausW/PKQ==",
      "peer": true
    },
    "loose-envify": {
      "version": "1.4.0",
      "resolved": "https://registry.npmjs.org/loose-envify/-/loose-envify-1.4.0.tgz",
      "integrity": "sha512-lyuxPGr/Wfhrlem2CL/UcnUc1zcqKAImBDzukY7Y5F/yQiNdko6+fRLevlw1HgMySw7f611UIY408EtxRSoK3Q==",
      "peer": true,
      "requires": {
        "js-tokens": "^3.0.0 || ^4.0.0"
      }
    },
    "react": {
      "version": "18.2.0",
      "resolved": "https://registry.npmjs.org/react/-/react-18.2.0.tgz",
      "integrity": "sha512-/3IjMdb2L9QbBdWiW5e3P2/npwMBaU9mHCSCUzNln0ZCYbcfTsGbTJrU/kGemdH2IWmB2ioZ+zkxtmq6g09fGQ==",
      "peer": true,
      "requires": {
        "loose-envify": "^1.1.0"
      }
    },
    "react-dom": {
      "version": "18.2.0",
      "resolved": "https://registry.npmjs.org/react-dom/-/react-dom-18.2.0.tgz",
      "integrity": "sha512-6IMTriUmvsjHUjNtEDudZfuDQUoWXVxKHhlEGSk81n4YFS+r/Kl99wXiwlVXtPBtJenozv2P+hxDsw9eA7Xo6g==",
      "peer": true,
      "requires": {
        "loose-envify": "^1.1.0",
        "scheduler": "^0.23.0"
      }
    },
    "react-tooltip": {
      "version": "5.8.3",
      "resolved": "https://registry.npmjs.org/react-tooltip/-/react-tooltip-5.8.3.tgz",
      "integrity": "sha512-h7maAlm2Xeymc14gWKhhrzsENeB83N65EzZ+AcQIGrOpNE0yefVRJIHhNcWHEJ0FEtf7VZXxtsj5glVXKxEtvA==",
      "requires": {
        "@floating-ui/dom": "1.1.1",
        "classnames": "^2.3.2"
      }
    },
    "scheduler": {
      "version": "0.23.0",
      "resolved": "https://registry.npmjs.org/scheduler/-/scheduler-0.23.0.tgz",
      "integrity": "sha512-CtuThmgHNg7zIZWAXi3AsyIzA3n4xx7aNyjwC2VJldO2LMVDhFK+63xGqq6CsJH4rTAt6/M+N4GhZiDYPx9eUw==",
      "peer": true,
      "requires": {
        "loose-envify": "^1.1.0"
      }
    },
    "tippy.js": {
      "version": "6.3.7",
      "resolved": "https://registry.npmjs.org/tippy.js/-/tippy.js-6.3.7.tgz",
      "integrity": "sha512-E1d3oP2emgJ9dRQZdf3Kkn0qJgI6ZLpyS5z6ZkY1DF3kaQaBsGZsndEpHwx+eC+tYM41HaSNvNtLx8tU57FzTQ==",
      "requires": {
        "@popperjs/core": "^2.9.0"
      }
    }
  }
}
